{
  "version": 4,
  "terraform_version": "0.13.5",
  "serial": 49,
  "lineage": "9232bec8-e306-d87e-d0ff-5f5901d34c76",
  "outputs": {
    "cf_arn": {
      "value": "arn:aws:cloudfront::745437999005:distribution/E26NAB6HJPHQMZ",
      "type": "string"
    },
    "cf_domain_name": {
      "value": "d1dkwcezyo6np1.cloudfront.net",
      "type": "string"
    },
    "cf_etag": {
      "value": "ECAIV649D3TA1",
      "type": "string"
    },
    "cf_hosted_zone_id": {
      "value": "Z2FDTNDATAQYW2",
      "type": "string"
    },
    "cf_id": {
      "value": "E26NAB6HJPHQMZ",
      "type": "string"
    },
    "cf_status": {
      "value": "Deployed",
      "type": "string"
    },
    "s3_bucket": {
      "value": "dev-onmyojideckbuilder-origin",
      "type": "string"
    },
    "s3_bucket_domain_name": {
      "value": "dev-onmyojideckbuilder-origin.s3-website.eu-west-1.amazonaws.com",
      "type": "string"
    }
  },
  "resources": [
    {
      "module": "module.cloudfront_s3_cdn",
      "mode": "data",
      "type": "aws_iam_policy_document",
      "name": "origin",
      "provider": "provider[\"registry.terraform.io/hashicorp/aws\"]",
      "instances": [
        {
          "schema_version": 0,
          "attributes": {
            "id": "1888516152",
            "json": "{\n  \"Version\": \"2012-10-17\",\n  \"Statement\": [\n    {\n      \"Sid\": \"S3GetObjectForCloudFront\",\n      \"Effect\": \"Allow\",\n      \"Action\": \"s3:GetObject\",\n      \"Resource\": \"arn:aws:s3:::${bucket_name}${origin_path}*\",\n      \"Principal\": {\n        \"AWS\": \"${cloudfront_origin_access_identity_iam_arn}\"\n      }\n    },\n    {\n      \"Sid\": \"S3ListBucketForCloudFront\",\n      \"Effect\": \"Allow\",\n      \"Action\": \"s3:ListBucket\",\n      \"Resource\": \"arn:aws:s3:::${bucket_name}\",\n      \"Principal\": {\n        \"AWS\": \"${cloudfront_origin_access_identity_iam_arn}\"\n      }\n    },\n    {\n      \"Sid\": \"PublicRead\",\n      \"Effect\": \"Allow\",\n      \"Action\": [\n        \"s3:GetObject\"\n      ],\n      \"Resource\": \"arn:aws:s3:::dev-onmyojideckbuilder-origin/*\",\n      \"Principal\": \"*\"\n    }\n  ]\n}",
            "override_json": "{\n  \"Version\": \"2012-10-17\",\n  \"Statement\": [\n    {\n      \"Sid\":\"PublicRead\",\n      \"Effect\":\"Allow\",\n      \"Principal\":\"*\",\n      \"Action\":[\"s3:GetObject\"],\n      \"Resource\":\"arn:aws:s3:::dev-onmyojideckbuilder-origin/*\"\n    }\n  ]\n}\n",
            "policy_id": null,
            "source_json": null,
            "statement": [
              {
                "actions": [
                  "s3:GetObject"
                ],
                "condition": [],
                "effect": "Allow",
                "not_actions": [],
                "not_principals": [],
                "not_resources": [],
                "principals": [
                  {
                    "identifiers": [
                      "${cloudfront_origin_access_identity_iam_arn}"
                    ],
                    "type": "AWS"
                  }
                ],
                "resources": [
                  "arn:aws:s3:::${bucket_name}${origin_path}*"
                ],
                "sid": "S3GetObjectForCloudFront"
              },
              {
                "actions": [
                  "s3:ListBucket"
                ],
                "condition": [],
                "effect": "Allow",
                "not_actions": [],
                "not_principals": [],
                "not_resources": [],
                "principals": [
                  {
                    "identifiers": [
                      "${cloudfront_origin_access_identity_iam_arn}"
                    ],
                    "type": "AWS"
                  }
                ],
                "resources": [
                  "arn:aws:s3:::${bucket_name}"
                ],
                "sid": "S3ListBucketForCloudFront"
              }
            ],
            "version": "2012-10-17"
          }
        }
      ]
    },
    {
      "module": "module.cloudfront_s3_cdn",
      "mode": "data",
      "type": "aws_iam_policy_document",
      "name": "origin_website",
      "provider": "provider[\"registry.terraform.io/hashicorp/aws\"]",
      "instances": [
        {
          "schema_version": 0,
          "attributes": {
            "id": "1923286579",
            "json": "{\n  \"Version\": \"2012-10-17\",\n  \"Statement\": [\n    {\n      \"Sid\": \"S3GetObjectForCloudFront\",\n      \"Effect\": \"Allow\",\n      \"Action\": \"s3:GetObject\",\n      \"Resource\": \"arn:aws:s3:::${bucket_name}${origin_path}*\",\n      \"Principal\": {\n        \"AWS\": \"*\"\n      }\n    },\n    {\n      \"Sid\": \"PublicRead\",\n      \"Effect\": \"Allow\",\n      \"Action\": [\n        \"s3:GetObject\"\n      ],\n      \"Resource\": \"arn:aws:s3:::dev-onmyojideckbuilder-origin/*\",\n      \"Principal\": \"*\"\n    }\n  ]\n}",
            "override_json": "{\n  \"Version\": \"2012-10-17\",\n  \"Statement\": [\n    {\n      \"Sid\":\"PublicRead\",\n      \"Effect\":\"Allow\",\n      \"Principal\":\"*\",\n      \"Action\":[\"s3:GetObject\"],\n      \"Resource\":\"arn:aws:s3:::dev-onmyojideckbuilder-origin/*\"\n    }\n  ]\n}\n",
            "policy_id": null,
            "source_json": null,
            "statement": [
              {
                "actions": [
                  "s3:GetObject"
                ],
                "condition": [],
                "effect": "Allow",
                "not_actions": [],
                "not_principals": [],
                "not_resources": [],
                "principals": [
                  {
                    "identifiers": [
                      "*"
                    ],
                    "type": "AWS"
                  }
                ],
                "resources": [
                  "arn:aws:s3:::${bucket_name}${origin_path}*"
                ],
                "sid": "S3GetObjectForCloudFront"
              }
            ],
            "version": "2012-10-17"
          }
        }
      ]
    },
    {
      "module": "module.cloudfront_s3_cdn",
      "mode": "data",
      "type": "aws_s3_bucket",
      "name": "selected",
      "provider": "provider[\"registry.terraform.io/hashicorp/aws\"]",
      "instances": [
        {
          "schema_version": 0,
          "attributes": {
            "arn": "arn:aws:s3:::dev-onmyojideckbuilder-origin",
            "bucket": "dev-onmyojideckbuilder-origin",
            "bucket_domain_name": "dev-onmyojideckbuilder-origin.s3.amazonaws.com",
            "bucket_regional_domain_name": "dev-onmyojideckbuilder-origin.s3.eu-west-1.amazonaws.com",
            "hosted_zone_id": "Z1BKCTXD74EZPE",
            "id": "dev-onmyojideckbuilder-origin",
            "region": "eu-west-1",
            "website_domain": "s3-website-eu-west-1.amazonaws.com",
            "website_endpoint": "dev-onmyojideckbuilder-origin.s3-website-eu-west-1.amazonaws.com"
          }
        }
      ]
    },
    {
      "module": "module.cloudfront_s3_cdn",
      "mode": "data",
      "type": "template_file",
      "name": "default",
      "provider": "provider[\"registry.terraform.io/hashicorp/template\"]",
      "instances": [
        {
          "schema_version": 0,
          "attributes": {
            "filename": null,
            "id": "8de579f1267cb043b75ce0d0ec7c7438cfe63eb53e5f5526712c645342ab2104",
            "rendered": "{\n  \"Version\": \"2012-10-17\",\n  \"Statement\": [\n    {\n      \"Sid\": \"S3GetObjectForCloudFront\",\n      \"Effect\": \"Allow\",\n      \"Action\": \"s3:GetObject\",\n      \"Resource\": \"arn:aws:s3:::dev-onmyojideckbuilder-origin/*\",\n      \"Principal\": {\n        \"AWS\": \"*\"\n      }\n    },\n    {\n      \"Sid\": \"PublicRead\",\n      \"Effect\": \"Allow\",\n      \"Action\": [\n        \"s3:GetObject\"\n      ],\n      \"Resource\": \"arn:aws:s3:::dev-onmyojideckbuilder-origin/*\",\n      \"Principal\": \"*\"\n    }\n  ]\n}",
            "template": "{\n  \"Version\": \"2012-10-17\",\n  \"Statement\": [\n    {\n      \"Sid\": \"S3GetObjectForCloudFront\",\n      \"Effect\": \"Allow\",\n      \"Action\": \"s3:GetObject\",\n      \"Resource\": \"arn:aws:s3:::${bucket_name}${origin_path}*\",\n      \"Principal\": {\n        \"AWS\": \"*\"\n      }\n    },\n    {\n      \"Sid\": \"PublicRead\",\n      \"Effect\": \"Allow\",\n      \"Action\": [\n        \"s3:GetObject\"\n      ],\n      \"Resource\": \"arn:aws:s3:::dev-onmyojideckbuilder-origin/*\",\n      \"Principal\": \"*\"\n    }\n  ]\n}",
            "vars": {
              "bucket_name": "dev-onmyojideckbuilder-origin",
              "cloudfront_origin_access_identity_iam_arn": "arn:aws:iam::cloudfront:user/CloudFront Origin Access Identity E1N6NEL2NFYLEC",
              "origin_path": "/"
            }
          }
        }
      ]
    },
    {
      "module": "module.cloudfront_s3_cdn",
      "mode": "managed",
      "type": "aws_cloudfront_distribution",
      "name": "default",
      "provider": "provider[\"registry.terraform.io/hashicorp/aws\"]",
      "instances": [
        {
          "schema_version": 1,
          "attributes": {
            "active_trusted_signers": {
              "enabled": "false",
              "items.#": "0"
            },
            "aliases": [
              "dev.onmyojideckbuilder.com"
            ],
            "arn": "arn:aws:cloudfront::745437999005:distribution/E26NAB6HJPHQMZ",
            "cache_behavior": [],
            "caller_reference": "terraform-20210319043915752700000002",
            "comment": "Managed by Terraform",
            "custom_error_response": [],
            "default_cache_behavior": [
              {
                "allowed_methods": [
                  "DELETE",
                  "GET",
                  "HEAD",
                  "OPTIONS",
                  "PATCH",
                  "POST",
                  "PUT"
                ],
                "cached_methods": [
                  "GET",
                  "HEAD"
                ],
                "compress": true,
                "default_ttl": 60,
                "field_level_encryption_id": "",
                "forwarded_values": [
                  {
                    "cookies": [
                      {
                        "forward": "none",
                        "whitelisted_names": null
                      }
                    ],
                    "headers": [
                      "Access-Control-Request-Headers",
                      "Access-Control-Request-Method",
                      "Origin"
                    ],
                    "query_string": false,
                    "query_string_cache_keys": null
                  }
                ],
                "lambda_function_association": [],
                "max_ttl": 31536000,
                "min_ttl": 0,
                "smooth_streaming": false,
                "target_origin_id": "dev-onmyojideckbuilder",
                "trusted_signers": [],
                "viewer_protocol_policy": "redirect-to-https"
              }
            ],
            "default_root_object": "index.html",
            "domain_name": "d1dkwcezyo6np1.cloudfront.net",
            "enabled": true,
            "etag": "ECAIV649D3TA1",
            "hosted_zone_id": "Z2FDTNDATAQYW2",
            "http_version": "http2",
            "id": "E26NAB6HJPHQMZ",
            "in_progress_validation_batches": 0,
            "is_ipv6_enabled": true,
            "last_modified_time": "2021-03-19 04:39:18.131 +0000 UTC",
            "logging_config": [
              {
                "bucket": "dev-onmyojideckbuilder-logs.s3.amazonaws.com",
                "include_cookies": false,
                "prefix": ""
              }
            ],
            "ordered_cache_behavior": [],
            "origin": [
              {
                "custom_header": [],
                "custom_origin_config": [
                  {
                    "http_port": 80,
                    "https_port": 443,
                    "origin_keepalive_timeout": 5,
                    "origin_protocol_policy": "http-only",
                    "origin_read_timeout": 30,
                    "origin_ssl_protocols": [
                      "TLSv1",
                      "TLSv1.1",
                      "TLSv1.2"
                    ]
                  }
                ],
                "domain_name": "dev-onmyojideckbuilder-origin.s3-website.eu-west-1.amazonaws.com",
                "origin_id": "dev-onmyojideckbuilder",
                "origin_path": "",
                "s3_origin_config": []
              }
            ],
            "origin_group": [],
            "price_class": "PriceClass_100",
            "restrictions": [
              {
                "geo_restriction": [
                  {
                    "locations": null,
                    "restriction_type": "none"
                  }
                ]
              }
            ],
            "retain_on_delete": false,
            "status": "Deployed",
            "tags": {
              "Description": "website to build and share onmyoji decks",
              "Name": "dev-onmyojideckbuilder",
              "Project": "onmyoji-deck-builder",
              "Stage": "dev"
            },
            "viewer_certificate": [
              {
                "acm_certificate_arn": "arn:aws:acm:us-east-1:745437999005:certificate/11502ff4-7851-426f-92ac-27db7c44825f",
                "cloudfront_default_certificate": false,
                "iam_certificate_id": "",
                "minimum_protocol_version": "TLSv1",
                "ssl_support_method": "sni-only"
              }
            ],
            "wait_for_deployment": true,
            "web_acl_id": ""
          },
          "private": "eyJzY2hlbWFfdmVyc2lvbiI6IjEifQ==",
          "dependencies": [
            "module.cloudfront_s3_cdn.aws_cloudfront_origin_access_identity.default",
            "module.cloudfront_s3_cdn.aws_s3_bucket.origin",
            "module.cloudfront_s3_cdn.data.aws_s3_bucket.selected",
            "module.cloudfront_s3_cdn.module.logs.aws_s3_bucket.default"
          ]
        }
      ]
    },
    {
      "module": "module.cloudfront_s3_cdn",
      "mode": "managed",
      "type": "aws_cloudfront_origin_access_identity",
      "name": "default",
      "provider": "provider[\"registry.terraform.io/hashicorp/aws\"]",
      "instances": [
        {
          "index_key": 0,
          "schema_version": 0,
          "attributes": {
            "caller_reference": "terraform-20210319043839499500000001",
            "cloudfront_access_identity_path": "origin-access-identity/cloudfront/E1N6NEL2NFYLEC",
            "comment": "dev-onmyojideckbuilder",
            "etag": "E1DPF7M9GL23MB",
            "iam_arn": "arn:aws:iam::cloudfront:user/CloudFront Origin Access Identity E1N6NEL2NFYLEC",
            "id": "E1N6NEL2NFYLEC",
            "s3_canonical_user_id": "501de5fa8b08f19123f2333f616fcfe27d5308a3a2e9bba045758f8d911f3561d3d036204c5b518255cff676cd72a45b"
          },
          "private": "bnVsbA=="
        }
      ]
    },
    {
      "module": "module.cloudfront_s3_cdn",
      "mode": "managed",
      "type": "aws_s3_bucket",
      "name": "origin",
      "provider": "provider[\"registry.terraform.io/hashicorp/aws\"]",
      "instances": [
        {
          "index_key": 0,
          "schema_version": 0,
          "attributes": {
            "acceleration_status": "",
            "acl": "private",
            "arn": "arn:aws:s3:::dev-onmyojideckbuilder-origin",
            "bucket": "dev-onmyojideckbuilder-origin",
            "bucket_domain_name": "dev-onmyojideckbuilder-origin.s3.amazonaws.com",
            "bucket_prefix": null,
            "bucket_regional_domain_name": "dev-onmyojideckbuilder-origin.s3.eu-west-1.amazonaws.com",
            "cors_rule": [
              {
                "allowed_headers": [
                  "*"
                ],
                "allowed_methods": [
                  "GET",
                  "HEAD",
                  "PUT",
                  "POST"
                ],
                "allowed_origins": [
                  "*.onmyojideckbuilder.com"
                ],
                "expose_headers": [
                  "ETag"
                ],
                "max_age_seconds": 3600
              },
              {
                "allowed_headers": [
                  "*"
                ],
                "allowed_methods": [
                  "GET",
                  "HEAD",
                  "PUT",
                  "POST"
                ],
                "allowed_origins": [
                  "dev.onmyojideckbuilder.com"
                ],
                "expose_headers": [
                  "ETag"
                ],
                "max_age_seconds": 3600
              }
            ],
            "force_destroy": true,
            "grant": [],
            "hosted_zone_id": "Z1BKCTXD74EZPE",
            "id": "dev-onmyojideckbuilder-origin",
            "lifecycle_rule": [],
            "logging": [],
            "object_lock_configuration": [],
            "policy": null,
            "region": "eu-west-1",
            "replication_configuration": [],
            "request_payer": "BucketOwner",
            "server_side_encryption_configuration": [
              {
                "rule": [
                  {
                    "apply_server_side_encryption_by_default": [
                      {
                        "kms_master_key_id": "",
                        "sse_algorithm": "AES256"
                      }
                    ]
                  }
                ]
              }
            ],
            "tags": {
              "Attributes": "origin",
              "Description": "website to build and share onmyoji decks",
              "Name": "dev-onmyojideckbuilder-origin",
              "Project": "onmyoji-deck-builder",
              "Stage": "dev"
            },
            "versioning": [
              {
                "enabled": true,
                "mfa_delete": false
              }
            ],
            "website": [
              {
                "error_document": "index.html",
                "index_document": "index.html",
                "redirect_all_requests_to": "",
                "routing_rules": ""
              }
            ],
            "website_domain": "s3-website-eu-west-1.amazonaws.com",
            "website_endpoint": "dev-onmyojideckbuilder-origin.s3-website-eu-west-1.amazonaws.com"
          },
          "private": "bnVsbA=="
        }
      ]
    },
    {
      "module": "module.cloudfront_s3_cdn",
      "mode": "managed",
      "type": "aws_s3_bucket_policy",
      "name": "default",
      "provider": "provider[\"registry.terraform.io/hashicorp/aws\"]",
      "instances": [
        {
          "index_key": 0,
          "schema_version": 0,
          "attributes": {
            "bucket": "dev-onmyojideckbuilder-origin",
            "id": "dev-onmyojideckbuilder-origin",
            "policy": "{\n  \"Version\": \"2012-10-17\",\n  \"Statement\": [\n    {\n      \"Sid\": \"S3GetObjectForCloudFront\",\n      \"Effect\": \"Allow\",\n      \"Action\": \"s3:GetObject\",\n      \"Resource\": \"arn:aws:s3:::dev-onmyojideckbuilder-origin/*\",\n      \"Principal\": {\n        \"AWS\": \"*\"\n      }\n    },\n    {\n      \"Sid\": \"PublicRead\",\n      \"Effect\": \"Allow\",\n      \"Action\": [\n        \"s3:GetObject\"\n      ],\n      \"Resource\": \"arn:aws:s3:::dev-onmyojideckbuilder-origin/*\",\n      \"Principal\": \"*\"\n    }\n  ]\n}"
          },
          "private": "bnVsbA==",
          "dependencies": [
            "module.cloudfront_s3_cdn.aws_cloudfront_origin_access_identity.default",
            "module.cloudfront_s3_cdn.aws_s3_bucket.origin",
            "module.cloudfront_s3_cdn.data.aws_iam_policy_document.origin",
            "module.cloudfront_s3_cdn.data.aws_iam_policy_document.origin_website",
            "module.cloudfront_s3_cdn.data.template_file.default"
          ]
        }
      ]
    },
    {
      "module": "module.cloudfront_s3_cdn.module.dns",
      "mode": "data",
      "type": "aws_route53_zone",
      "name": "default",
      "provider": "provider[\"registry.terraform.io/hashicorp/aws\"]",
      "instances": [
        {
          "index_key": 0,
          "schema_version": 0,
          "attributes": {
            "caller_reference": "481ca519-c2ac-4885-b585-8283334987f7",
            "comment": "",
            "id": "Z0511918V1SF3MCG22JU",
            "linked_service_description": null,
            "linked_service_principal": null,
            "name": "onmyojideckbuilder.com.",
            "name_servers": [
              "ns-1501.awsdns-59.org",
              "ns-1652.awsdns-14.co.uk",
              "ns-176.awsdns-22.com",
              "ns-530.awsdns-02.net"
            ],
            "private_zone": false,
            "resource_record_set_count": 5,
            "tags": {},
            "vpc_id": null,
            "zone_id": "Z0511918V1SF3MCG22JU"
          }
        }
      ]
    },
    {
      "module": "module.cloudfront_s3_cdn.module.dns",
      "mode": "managed",
      "type": "aws_route53_record",
      "name": "default",
      "provider": "provider[\"registry.terraform.io/hashicorp/aws\"]",
      "instances": [
        {
          "index_key": 0,
          "schema_version": 2,
          "attributes": {
            "alias": [
              {
                "evaluate_target_health": false,
                "name": "d1dkwcezyo6np1.cloudfront.net",
                "zone_id": "Z2FDTNDATAQYW2"
              }
            ],
            "allow_overwrite": false,
            "failover_routing_policy": [],
            "fqdn": "dev.onmyojideckbuilder.com",
            "geolocation_routing_policy": [],
            "health_check_id": null,
            "id": "Z0511918V1SF3MCG22JU_dev.onmyojideckbuilder.com_A",
            "latency_routing_policy": [],
            "multivalue_answer_routing_policy": null,
            "name": "dev.onmyojideckbuilder.com",
            "records": null,
            "set_identifier": null,
            "ttl": null,
            "type": "A",
            "weighted_routing_policy": [],
            "zone_id": "Z0511918V1SF3MCG22JU"
          },
          "private": "eyJzY2hlbWFfdmVyc2lvbiI6IjIifQ==",
          "dependencies": [
            "module.cloudfront_s3_cdn.aws_cloudfront_distribution.default",
            "module.cloudfront_s3_cdn.aws_cloudfront_origin_access_identity.default",
            "module.cloudfront_s3_cdn.aws_s3_bucket.origin",
            "module.cloudfront_s3_cdn.data.aws_s3_bucket.selected",
            "module.cloudfront_s3_cdn.module.dns.data.aws_route53_zone.default",
            "module.cloudfront_s3_cdn.module.logs.aws_s3_bucket.default"
          ]
        }
      ]
    },
    {
      "module": "module.cloudfront_s3_cdn.module.dns",
      "mode": "managed",
      "type": "aws_route53_record",
      "name": "ipv6",
      "provider": "provider[\"registry.terraform.io/hashicorp/aws\"]",
      "instances": [
        {
          "index_key": 0,
          "schema_version": 2,
          "attributes": {
            "alias": [
              {
                "evaluate_target_health": false,
                "name": "d1dkwcezyo6np1.cloudfront.net",
                "zone_id": "Z2FDTNDATAQYW2"
              }
            ],
            "allow_overwrite": false,
            "failover_routing_policy": [],
            "fqdn": "dev.onmyojideckbuilder.com",
            "geolocation_routing_policy": [],
            "health_check_id": null,
            "id": "Z0511918V1SF3MCG22JU_dev.onmyojideckbuilder.com_AAAA",
            "latency_routing_policy": [],
            "multivalue_answer_routing_policy": null,
            "name": "dev.onmyojideckbuilder.com",
            "records": null,
            "set_identifier": null,
            "ttl": null,
            "type": "AAAA",
            "weighted_routing_policy": [],
            "zone_id": "Z0511918V1SF3MCG22JU"
          },
          "private": "eyJzY2hlbWFfdmVyc2lvbiI6IjIifQ==",
          "dependencies": [
            "module.cloudfront_s3_cdn.aws_cloudfront_distribution.default",
            "module.cloudfront_s3_cdn.aws_cloudfront_origin_access_identity.default",
            "module.cloudfront_s3_cdn.aws_s3_bucket.origin",
            "module.cloudfront_s3_cdn.data.aws_s3_bucket.selected",
            "module.cloudfront_s3_cdn.module.dns.data.aws_route53_zone.default",
            "module.cloudfront_s3_cdn.module.logs.aws_s3_bucket.default"
          ]
        }
      ]
    },
    {
      "module": "module.cloudfront_s3_cdn.module.logs",
      "mode": "managed",
      "type": "aws_s3_bucket",
      "name": "default",
      "provider": "provider[\"registry.terraform.io/hashicorp/aws\"]",
      "instances": [
        {
          "index_key": 0,
          "schema_version": 0,
          "attributes": {
            "acceleration_status": "",
            "acl": "log-delivery-write",
            "arn": "arn:aws:s3:::dev-onmyojideckbuilder-logs",
            "bucket": "dev-onmyojideckbuilder-logs",
            "bucket_domain_name": "dev-onmyojideckbuilder-logs.s3.amazonaws.com",
            "bucket_prefix": null,
            "bucket_regional_domain_name": "dev-onmyojideckbuilder-logs.s3.eu-west-1.amazonaws.com",
            "cors_rule": [],
            "force_destroy": true,
            "grant": [],
            "hosted_zone_id": "Z1BKCTXD74EZPE",
            "id": "dev-onmyojideckbuilder-logs",
            "lifecycle_rule": [
              {
                "abort_incomplete_multipart_upload_days": 5,
                "enabled": true,
                "expiration": [
                  {
                    "date": "",
                    "days": 90,
                    "expired_object_delete_marker": false
                  }
                ],
                "id": "dev-onmyojideckbuilder-logs",
                "noncurrent_version_expiration": [
                  {
                    "days": 90
                  }
                ],
                "noncurrent_version_transition": [
                  {
                    "days": 30,
                    "storage_class": "GLACIER"
                  }
                ],
                "prefix": "",
                "tags": null,
                "transition": [
                  {
                    "date": "",
                    "days": 30,
                    "storage_class": "STANDARD_IA"
                  },
                  {
                    "date": "",
                    "days": 60,
                    "storage_class": "GLACIER"
                  }
                ]
              }
            ],
            "logging": [],
            "object_lock_configuration": [],
            "policy": "",
            "region": "eu-west-1",
            "replication_configuration": [],
            "request_payer": "BucketOwner",
            "server_side_encryption_configuration": [
              {
                "rule": [
                  {
                    "apply_server_side_encryption_by_default": [
                      {
                        "kms_master_key_id": "",
                        "sse_algorithm": "AES256"
                      }
                    ]
                  }
                ]
              }
            ],
            "tags": {
              "Attributes": "logs",
              "Description": "website to build and share onmyoji decks",
              "Name": "dev-onmyojideckbuilder-logs",
              "Project": "onmyoji-deck-builder",
              "Stage": "dev"
            },
            "versioning": [
              {
                "enabled": false,
                "mfa_delete": false
              }
            ],
            "website": [],
            "website_domain": null,
            "website_endpoint": null
          },
          "private": "bnVsbA=="
        }
      ]
    },
    {
      "module": "module.cloudfront_s3_cdn.module.logs",
      "mode": "managed",
      "type": "aws_s3_bucket_public_access_block",
      "name": "default",
      "provider": "provider[\"registry.terraform.io/hashicorp/aws\"]",
      "instances": [
        {
          "index_key": 0,
          "schema_version": 0,
          "attributes": {
            "block_public_acls": true,
            "block_public_policy": true,
            "bucket": "dev-onmyojideckbuilder-logs",
            "id": "dev-onmyojideckbuilder-logs",
            "ignore_public_acls": true,
            "restrict_public_buckets": true
          },
          "private": "bnVsbA==",
          "dependencies": [
            "module.cloudfront_s3_cdn.module.logs.aws_s3_bucket.default"
          ]
        }
      ]
    }
  ]
}
