{
  "version": 4,
  "terraform_version": "0.13.5",
  "serial": 32,
  "lineage": "9232bec8-e306-d87e-d0ff-5f5901d34c76",
  "outputs": {
    "s3_bucket": {
      "value": "",
      "type": "string"
    }
  },
  "resources": [
    {
      "mode": "managed",
      "type": "aws_iam_policy",
      "name": "lambda_logging",
      "provider": "provider[\"registry.terraform.io/hashicorp/aws\"]",
      "instances": [
        {
          "schema_version": 0,
          "attributes": {
            "arn": "arn:aws:iam::745437999005:policy/dev-onmyojideckbuilder-lambda_logging",
            "description": "",
            "id": "arn:aws:iam::745437999005:policy/dev-onmyojideckbuilder-lambda_logging",
            "name": "dev-onmyojideckbuilder-lambda_logging",
            "name_prefix": null,
            "path": "/",
            "policy": "{\n  \"Version\": \"2012-10-17\",\n  \"Statement\": [\n    {\n      \"Action\": [\n        \"logs:CreateLogGroup\",\n        \"logs:CreateLogStream\",\n        \"logs:PutLogEvents\"\n      ],\n      \"Resource\": \"arn:aws:logs:*:*:*\",\n      \"Effect\": \"Allow\"\n    }\n  ]\n}\n"
          },
          "private": "bnVsbA=="
        }
      ]
    },
    {
      "mode": "managed",
      "type": "aws_iam_role",
      "name": "lambda_role",
      "provider": "provider[\"registry.terraform.io/hashicorp/aws\"]",
      "instances": [
        {
          "schema_version": 0,
          "attributes": {
            "arn": "arn:aws:iam::745437999005:role/dev-onmyojideckbuilder-lambda",
            "assume_role_policy": "{\"Version\":\"2012-10-17\",\"Statement\":[{\"Effect\":\"Allow\",\"Principal\":{\"Service\":[\"lambda.amazonaws.com\",\"edgelambda.amazonaws.com\"]},\"Action\":\"sts:AssumeRole\"}]}",
            "create_date": "2021-03-19T03:02:49Z",
            "description": "",
            "force_detach_policies": false,
            "id": "dev-onmyojideckbuilder-lambda",
            "max_session_duration": 3600,
            "name": "dev-onmyojideckbuilder-lambda",
            "name_prefix": null,
            "path": "/",
            "permissions_boundary": null,
            "tags": {
              "Description": "website to build and share onmyoji decks",
              "Project": "onmyoji-deck-builder"
            },
            "unique_id": "AROA23D4RF6O5CZILWBI3"
          },
          "private": "bnVsbA=="
        }
      ]
    },
    {
      "mode": "managed",
      "type": "aws_iam_role_policy_attachment",
      "name": "lambda_logging",
      "provider": "provider[\"registry.terraform.io/hashicorp/aws\"]",
      "instances": [
        {
          "schema_version": 0,
          "attributes": {
            "id": "dev-onmyojideckbuilder-lambda-20210319030251359100000002",
            "policy_arn": "arn:aws:iam::745437999005:policy/dev-onmyojideckbuilder-lambda_logging",
            "role": "dev-onmyojideckbuilder-lambda"
          },
          "private": "bnVsbA==",
          "dependencies": [
            "aws_iam_policy.lambda_logging",
            "aws_iam_role.lambda_role"
          ]
        }
      ]
    },
    {
      "mode": "managed",
      "type": "aws_lambda_function",
      "name": "directory_indexes",
      "provider": "provider[\"registry.terraform.io/hashicorp/aws\"].us_east_1",
      "instances": [
        {
          "schema_version": 0,
          "attributes": {
            "arn": "arn:aws:lambda:us-east-1:745437999005:function:dev-onmyojideckbuilder-directory_indexes",
            "dead_letter_config": [],
            "description": "",
            "environment": [],
            "file_system_config": [],
            "filename": "./lambda/main.js.zip",
            "function_name": "dev-onmyojideckbuilder-directory_indexes",
            "handler": "main.handler",
            "id": "dev-onmyojideckbuilder-directory_indexes",
            "invoke_arn": "arn:aws:apigateway:us-east-1:lambda:path/2015-03-31/functions/arn:aws:lambda:us-east-1:745437999005:function:dev-onmyojideckbuilder-directory_indexes/invocations",
            "kms_key_arn": "",
            "last_modified": "2021-03-19T03:02:57.785+0000",
            "layers": [],
            "memory_size": 128,
            "publish": true,
            "qualified_arn": "arn:aws:lambda:us-east-1:745437999005:function:dev-onmyojideckbuilder-directory_indexes:1",
            "reserved_concurrent_executions": -1,
            "role": "arn:aws:iam::745437999005:role/dev-onmyojideckbuilder-lambda",
            "runtime": "nodejs12.x",
            "s3_bucket": null,
            "s3_key": null,
            "s3_object_version": null,
            "source_code_hash": "5EVmwQDkgGfYMpMXNaWHUz3cmb/dSssoWl8mM8o3aMs=",
            "source_code_size": 601,
            "tags": {
              "Description": "website to build and share onmyoji decks",
              "Project": "onmyoji-deck-builder"
            },
            "timeout": 3,
            "timeouts": null,
            "tracing_config": [
              {
                "mode": "PassThrough"
              }
            ],
            "version": "1",
            "vpc_config": []
          }
        }
      ]
    },
    {
      "module": "module.cloudfront_s3_cdn.module.dns",
      "mode": "data",
      "type": "aws_route53_zone",
      "name": "default",
      "provider": "provider[\"registry.terraform.io/hashicorp/aws\"]",
      "instances": [
        {
          "index_key": 0,
          "schema_version": 0,
          "attributes": {
            "caller_reference": "481ca519-c2ac-4885-b585-8283334987f7",
            "comment": "",
            "id": "Z0511918V1SF3MCG22JU",
            "linked_service_description": null,
            "linked_service_principal": null,
            "name": "onmyojideckbuilder.com.",
            "name_servers": [
              "ns-1501.awsdns-59.org",
              "ns-1652.awsdns-14.co.uk",
              "ns-176.awsdns-22.com",
              "ns-530.awsdns-02.net"
            ],
            "private_zone": false,
            "resource_record_set_count": 5,
            "tags": {},
            "vpc_id": null,
            "zone_id": "Z0511918V1SF3MCG22JU"
          }
        }
      ]
    }
  ]
}
